{
  "name": "nbjs-observable",
  "version": "0.1.0",
  "lockfileVersion": 3,
  "requires": true,
  "packages": {
    "": {
      "name": "nbjs-observable",
      "version": "0.1.0",
      "license": "MIT",
      "dependencies": {
        "nbjs-eventful": "^0.1.1"
      }
    },
    "node_modules/nbjs-eventful": {
      "version": "0.1.1",
      "resolved": "https://registry.npmjs.org/nbjs-eventful/-/nbjs-eventful-0.1.1.tgz",
      "integrity": "sha512-pPfYY5a3JuhtJZ4On0QwHNw+5ID9xi7lFoij/tMXrJJLZ5/gIabNLnm3ptLSCJ1YXWrj7oe9E5HZMGwz4ZYRgg==",
      "license": "MIT"
    }
  }
}
